
Microsoft Visual Studio Solution File, Format Version 12.00
# Visual Studio Version 17
VisualStudioVersion = 17.3.32901.215
MinimumVisualStudioVersion = 10.0.40219.1
Project("{9A19103F-16F7-4668-BE54-9A1E7A4F7556}") = "Entities", "Entities\Entities.csproj", "{1E1B3CE2-60F9-4728-AE7A-0BA7888A1F1F}"
EndProject
Project("{9A19103F-16F7-4668-BE54-9A1E7A4F7556}") = "DataAccess", "DataAccess\DataAccess.csproj", "{53511395-DBEA-4C23-AB12-0C313A6F11DB}"
EndProject
Project("{9A19103F-16F7-4668-BE54-9A1E7A4F7556}") = "Core", "Core\Core.csproj", "{05776DAF-196B-428C-9BB5-078147599EF1}"
EndProject
Project("{9A19103F-16F7-4668-BE54-9A1E7A4F7556}") = "Business", "Business\Business.csproj", "{F32AAC50-85C8-4611-91E6-38E619DDB168}"
EndProject
Project("{FAE04EC0-301F-11D3-BF4B-00C04F79EFBC}") = "WebUI", "WebUI\WebUI.csproj", "{07FAA44E-6C79-423A-B38C-93BAC2F8228E}"
EndProject
Global
	GlobalSection(SolutionConfigurationPlatforms) = preSolution
		Debug|Any CPU = Debug|Any CPU
		Release|Any CPU = Release|Any CPU
	EndGlobalSection
	GlobalSection(ProjectConfigurationPlatforms) = postSolution
		{1E1B3CE2-60F9-4728-AE7A-0BA7888A1F1F}.Debug|Any CPU.ActiveCfg = Debug|Any CPU
		{1E1B3CE2-60F9-4728-AE7A-0BA7888A1F1F}.Debug|Any CPU.Build.0 = Debug|Any CPU
		{1E1B3CE2-60F9-4728-AE7A-0BA7888A1F1F}.Release|Any CPU.ActiveCfg = Release|Any CPU
		{1E1B3CE2-60F9-4728-AE7A-0BA7888A1F1F}.Release|Any CPU.Build.0 = Release|Any CPU
		{53511395-DBEA-4C23-AB12-0C313A6F11DB}.Debug|Any CPU.ActiveCfg = Debug|Any CPU
		{53511395-DBEA-4C23-AB12-0C313A6F11DB}.Debug|Any CPU.Build.0 = Debug|Any CPU
		{53511395-DBEA-4C23-AB12-0C313A6F11DB}.Release|Any CPU.ActiveCfg = Release|Any CPU
		{53511395-DBEA-4C23-AB12-0C313A6F11DB}.Release|Any CPU.Build.0 = Release|Any CPU
		{05776DAF-196B-428C-9BB5-078147599EF1}.Debug|Any CPU.ActiveCfg = Debug|Any CPU
		{05776DAF-196B-428C-9BB5-078147599EF1}.Debug|Any CPU.Build.0 = Debug|Any CPU
		{05776DAF-196B-428C-9BB5-078147599EF1}.Release|Any CPU.ActiveCfg = Release|Any CPU
		{05776DAF-196B-428C-9BB5-078147599EF1}.Release|Any CPU.Build.0 = Release|Any CPU
		{F32AAC50-85C8-4611-91E6-38E619DDB168}.Debug|Any CPU.ActiveCfg = Debug|Any CPU
		{F32AAC50-85C8-4611-91E6-38E619DDB168}.Debug|Any CPU.Build.0 = Debug|Any CPU
		{F32AAC50-85C8-4611-91E6-38E619DDB168}.Release|Any CPU.ActiveCfg = Release|Any CPU
		{F32AAC50-85C8-4611-91E6-38E619DDB168}.Release|Any CPU.Build.0 = Release|Any CPU
		{07FAA44E-6C79-423A-B38C-93BAC2F8228E}.Debug|Any CPU.ActiveCfg = Debug|Any CPU
		{07FAA44E-6C79-423A-B38C-93BAC2F8228E}.Debug|Any CPU.Build.0 = Debug|Any CPU
		{07FAA44E-6C79-423A-B38C-93BAC2F8228E}.Release|Any CPU.ActiveCfg = Release|Any CPU
		{07FAA44E-6C79-423A-B38C-93BAC2F8228E}.Release|Any CPU.Build.0 = Release|Any CPU
	EndGlobalSection
	GlobalSection(SolutionProperties) = preSolution
		HideSolutionNode = FALSE
	EndGlobalSection
	GlobalSection(ExtensibilityGlobals) = postSolution
		SolutionGuid = {FE0CC978-17FF-4653-ACD3-BAD8F294C9FA}
	EndGlobalSection
EndGlobal
